
Microsoft Visual Studio Solution File, Format Version 12.00
# Visual Studio Version 17
VisualStudioVersion = 17.10.35027.167
MinimumVisualStudioVersion = 10.0.40219.1
Project("{FAE04EC0-301F-11D3-BF4B-00C04F79EFBC}") = "Hospital.PL", "Hospital.PL\Hospital.PL.csproj", "{E8E0DBA1-42AC-4E36-A329-386B172C6C59}"
EndProject
Project("{FAE04EC0-301F-11D3-BF4B-00C04F79EFBC}") = "Hospital.DAL", "Hospital.DAL\Hospital.DAL.csproj", "{7678CBCA-6B13-4964-AB63-C2811F80FF99}"
EndProject
Project("{FAE04EC0-301F-11D3-BF4B-00C04F79EFBC}") = "Hospital.BLL", "Hospital.BLL\Hospital.BLL.csproj", "{684C40A4-7ABA-4DDE-A21A-03410A2A5226}"
EndProject
Global
	GlobalSection(SolutionConfigurationPlatforms) = preSolution
		Debug|Any CPU = Debug|Any CPU
		Release|Any CPU = Release|Any CPU
	EndGlobalSection
	GlobalSection(ProjectConfigurationPlatforms) = postSolution
		{E8E0DBA1-42AC-4E36-A329-386B172C6C59}.Debug|Any CPU.ActiveCfg = Debug|Any CPU
		{E8E0DBA1-42AC-4E36-A329-386B172C6C59}.Debug|Any CPU.Build.0 = Debug|Any CPU
		{E8E0DBA1-42AC-4E36-A329-386B172C6C59}.Release|Any CPU.ActiveCfg = Release|Any CPU
		{E8E0DBA1-42AC-4E36-A329-386B172C6C59}.Release|Any CPU.Build.0 = Release|Any CPU
		{7678CBCA-6B13-4964-AB63-C2811F80FF99}.Debug|Any CPU.ActiveCfg = Debug|Any CPU
		{7678CBCA-6B13-4964-AB63-C2811F80FF99}.Debug|Any CPU.Build.0 = Debug|Any CPU
		{7678CBCA-6B13-4964-AB63-C2811F80FF99}.Release|Any CPU.ActiveCfg = Release|Any CPU
		{7678CBCA-6B13-4964-AB63-C2811F80FF99}.Release|Any CPU.Build.0 = Release|Any CPU
		{684C40A4-7ABA-4DDE-A21A-03410A2A5226}.Debug|Any CPU.ActiveCfg = Debug|Any CPU
		{684C40A4-7ABA-4DDE-A21A-03410A2A5226}.Debug|Any CPU.Build.0 = Debug|Any CPU
		{684C40A4-7ABA-4DDE-A21A-03410A2A5226}.Release|Any CPU.ActiveCfg = Release|Any CPU
		{684C40A4-7ABA-4DDE-A21A-03410A2A5226}.Release|Any CPU.Build.0 = Release|Any CPU
	EndGlobalSection
	GlobalSection(SolutionProperties) = preSolution
		HideSolutionNode = FALSE
	EndGlobalSection
	GlobalSection(ExtensibilityGlobals) = postSolution
		SolutionGuid = {7B478123-EBD8-47E5-8847-A3186A6F8BD9}
	EndGlobalSection
EndGlobal
